
Microsoft Visual Studio Solution File, Format Version 12.00
# Visual Studio 2013
VisualStudioVersion = 12.0.40629.0
MinimumVisualStudioVersion = 10.0.40219.1
Project("{FAE04EC0-301F-11D3-BF4B-00C04F79EFBC}") = "BLL", "BLL\BLL.csproj", "{B20C6BFF-A93E-4C17-8CB7-DAC0BE4AD05A}"
EndProject
Project("{FAE04EC0-301F-11D3-BF4B-00C04F79EFBC}") = "Common", "Common\Common.csproj", "{C12B1F8E-797A-474F-924F-3AE848E619DB}"
EndProject
Project("{FAE04EC0-301F-11D3-BF4B-00C04F79EFBC}") = "DAL", "DAL\DAL.csproj", "{9920EF1A-8ACE-4752-9DE2-E445ED8399CE}"
EndProject
Project("{2150E333-8FDC-42A3-9474-1A3956D46DE8}") = ".nuget", ".nuget", "{1DA118E3-D759-4ED5-8396-09915B731101}"
	ProjectSection(SolutionItems) = preProject
		.nuget\packages.config = .nuget\packages.config
	EndProjectSection
EndProject
Project("{FAE04EC0-301F-11D3-BF4B-00C04F79EFBC}") = "API", "API\API.csproj", "{818E1202-1D27-4AC6-A2EC-CC748E1F6FDE}"
EndProject
Global
	GlobalSection(SolutionConfigurationPlatforms) = preSolution
		Debug|Any CPU = Debug|Any CPU
		Release|Any CPU = Release|Any CPU
	EndGlobalSection
	GlobalSection(ProjectConfigurationPlatforms) = postSolution
		{B20C6BFF-A93E-4C17-8CB7-DAC0BE4AD05A}.Debug|Any CPU.ActiveCfg = Debug|Any CPU
		{B20C6BFF-A93E-4C17-8CB7-DAC0BE4AD05A}.Debug|Any CPU.Build.0 = Debug|Any CPU
		{B20C6BFF-A93E-4C17-8CB7-DAC0BE4AD05A}.Release|Any CPU.ActiveCfg = Release|Any CPU
		{B20C6BFF-A93E-4C17-8CB7-DAC0BE4AD05A}.Release|Any CPU.Build.0 = Release|Any CPU
		{C12B1F8E-797A-474F-924F-3AE848E619DB}.Debug|Any CPU.ActiveCfg = Debug|Any CPU
		{C12B1F8E-797A-474F-924F-3AE848E619DB}.Debug|Any CPU.Build.0 = Debug|Any CPU
		{C12B1F8E-797A-474F-924F-3AE848E619DB}.Release|Any CPU.ActiveCfg = Release|Any CPU
		{C12B1F8E-797A-474F-924F-3AE848E619DB}.Release|Any CPU.Build.0 = Release|Any CPU
		{9920EF1A-8ACE-4752-9DE2-E445ED8399CE}.Debug|Any CPU.ActiveCfg = Debug|Any CPU
		{9920EF1A-8ACE-4752-9DE2-E445ED8399CE}.Debug|Any CPU.Build.0 = Debug|Any CPU
		{9920EF1A-8ACE-4752-9DE2-E445ED8399CE}.Release|Any CPU.ActiveCfg = Release|Any CPU
		{9920EF1A-8ACE-4752-9DE2-E445ED8399CE}.Release|Any CPU.Build.0 = Release|Any CPU
		{818E1202-1D27-4AC6-A2EC-CC748E1F6FDE}.Debug|Any CPU.ActiveCfg = Debug|Any CPU
		{818E1202-1D27-4AC6-A2EC-CC748E1F6FDE}.Debug|Any CPU.Build.0 = Debug|Any CPU
		{818E1202-1D27-4AC6-A2EC-CC748E1F6FDE}.Release|Any CPU.ActiveCfg = Release|Any CPU
		{818E1202-1D27-4AC6-A2EC-CC748E1F6FDE}.Release|Any CPU.Build.0 = Release|Any CPU
	EndGlobalSection
	GlobalSection(SolutionProperties) = preSolution
		HideSolutionNode = FALSE
	EndGlobalSection
EndGlobal
